
Microsoft Visual Studio Solution File, Format Version 12.00
# Visual Studio Version 17
VisualStudioVersion = 17.7.34024.191
MinimumVisualStudioVersion = 10.0.40219.1
Project("{9A19103F-16F7-4668-BE54-9A1E7A4F7556}") = "Homework3_Part1", "Homework3_Part1\Homework3_Part1.csproj", "{AB35CB61-DE9B-4790-9966-541E0E462981}"
EndProject
Project("{9A19103F-16F7-4668-BE54-9A1E7A4F7556}") = "LabWeek4", "LabWeek4\LabWeek4.csproj", "{D5452D47-3B28-4577-94AD-4B99B0E31C71}"
EndProject
Project("{9A19103F-16F7-4668-BE54-9A1E7A4F7556}") = "Homework3_Part2", "Homework3_Part2\Homework3_Part2.csproj", "{394064F8-FAAD-4428-BB13-06363E01D054}"
EndProject
Project("{FAE04EC0-301F-11D3-BF4B-00C04F79EFBC}") = "Homework5_Part1", "Homework5_Part1\Homework5_Part1.csproj", "{603B25A4-4C4F-4F6A-BCAC-7492DC252897}"
EndProject
Global
	GlobalSection(SolutionConfigurationPlatforms) = preSolution
		Debug|Any CPU = Debug|Any CPU
		Release|Any CPU = Release|Any CPU
	EndGlobalSection
	GlobalSection(ProjectConfigurationPlatforms) = postSolution
		{AB35CB61-DE9B-4790-9966-541E0E462981}.Debug|Any CPU.ActiveCfg = Debug|Any CPU
		{AB35CB61-DE9B-4790-9966-541E0E462981}.Debug|Any CPU.Build.0 = Debug|Any CPU
		{AB35CB61-DE9B-4790-9966-541E0E462981}.Release|Any CPU.ActiveCfg = Release|Any CPU
		{AB35CB61-DE9B-4790-9966-541E0E462981}.Release|Any CPU.Build.0 = Release|Any CPU
		{D5452D47-3B28-4577-94AD-4B99B0E31C71}.Debug|Any CPU.ActiveCfg = Debug|Any CPU
		{D5452D47-3B28-4577-94AD-4B99B0E31C71}.Debug|Any CPU.Build.0 = Debug|Any CPU
		{D5452D47-3B28-4577-94AD-4B99B0E31C71}.Release|Any CPU.ActiveCfg = Release|Any CPU
		{D5452D47-3B28-4577-94AD-4B99B0E31C71}.Release|Any CPU.Build.0 = Release|Any CPU
		{394064F8-FAAD-4428-BB13-06363E01D054}.Debug|Any CPU.ActiveCfg = Debug|Any CPU
		{394064F8-FAAD-4428-BB13-06363E01D054}.Debug|Any CPU.Build.0 = Debug|Any CPU
		{394064F8-FAAD-4428-BB13-06363E01D054}.Release|Any CPU.ActiveCfg = Release|Any CPU
		{394064F8-FAAD-4428-BB13-06363E01D054}.Release|Any CPU.Build.0 = Release|Any CPU
		{603B25A4-4C4F-4F6A-BCAC-7492DC252897}.Debug|Any CPU.ActiveCfg = Debug|Any CPU
		{603B25A4-4C4F-4F6A-BCAC-7492DC252897}.Debug|Any CPU.Build.0 = Debug|Any CPU
		{603B25A4-4C4F-4F6A-BCAC-7492DC252897}.Release|Any CPU.ActiveCfg = Release|Any CPU
		{603B25A4-4C4F-4F6A-BCAC-7492DC252897}.Release|Any CPU.Build.0 = Release|Any CPU
	EndGlobalSection
	GlobalSection(SolutionProperties) = preSolution
		HideSolutionNode = FALSE
	EndGlobalSection
	GlobalSection(ExtensibilityGlobals) = postSolution
		SolutionGuid = {C6D5B514-56F5-4ED7-A9A6-DB4B051DF115}
	EndGlobalSection
EndGlobal
